Microsoft Visual Studio Solution File, Format Version 12.00
# Visual Studio Version 17
VisualStudioVersion = 17.5.2.0
MinimumVisualStudioVersion = 10.0.40219.1
Project("{FAE04EC0-301F-11D3-BF4B-00C04F79EFBC}") = "dotnet-all-about", "dotnet-all-about.csproj", "{10EE0B7F-C280-6C07-643D-9A2598E3131F}"
EndProject
Global
	GlobalSection(SolutionConfigurationPlatforms) = preSolution
		Debug|Any CPU = Debug|Any CPU
		Release|Any CPU = Release|Any CPU
	EndGlobalSection
	GlobalSection(ProjectConfigurationPlatforms) = postSolution
		{10EE0B7F-C280-6C07-643D-9A2598E3131F}.Debug|Any CPU.ActiveCfg = Debug|Any CPU
		{10EE0B7F-C280-6C07-643D-9A2598E3131F}.Debug|Any CPU.Build.0 = Debug|Any CPU
		{10EE0B7F-C280-6C07-643D-9A2598E3131F}.Release|Any CPU.ActiveCfg = Release|Any CPU
		{10EE0B7F-C280-6C07-643D-9A2598E3131F}.Release|Any CPU.Build.0 = Release|Any CPU
	EndGlobalSection
	GlobalSection(SolutionProperties) = preSolution
		HideSolutionNode = FALSE
	EndGlobalSection
	GlobalSection(ExtensibilityGlobals) = postSolution
		SolutionGuid = {B0226D4F-EFDF-422F-8D30-3DDD7B114FA9}
	EndGlobalSection
EndGlobal
